{
  "version": "5",
  "specifiers": {
    "npm:date-fns@^4.1.0": "4.1.0",
    "npm:globals@^16.4.0": "16.5.0"
  },
  "npm": {
    "date-fns@4.1.0": {
      "integrity": "sha512-Ukq0owbQXxa/U3EGtsdVBkR1w7KOQ5gIBqdH2hkvknzZPYvBxb/aa6E8L7tmjFtkwZBu3UXBbjIgPo/Ez4xaNg=="
    },
    "globals@16.5.0": {
      "integrity": "sha512-c/c15i26VrJ4IRt5Z89DnIzCGDn9EcebibhAOjw5ibqEHsE1wLUgkPn9RDmNcUKyU87GeaL633nyJ+pplFR2ZQ=="
    }
  },
  "workspace": {
    "packageJson": {
      "dependencies": [
        "npm:@eslint/js@^9.36.0",
        "npm:@types/react-dom@^19.1.9",
        "npm:@types/react@^19.1.16",
        "npm:@vitejs/plugin-react@^5.0.4",
        "npm:baseline-browser-mapping@^2.9.11",
        "npm:date-fns@^4.1.0",
        "npm:eslint-plugin-react-hooks@^5.2.0",
        "npm:eslint-plugin-react-refresh@~0.4.22",
        "npm:eslint@^9.36.0",
        "npm:globals@^16.4.0",
        "npm:moment@^2.30.1",
        "npm:react-big-calendar@^1.19.4",
        "npm:react-datepicker@^9.1.0",
        "npm:react-dom@19.2.3",
        "npm:react-router-dom@^7.9.4",
        "npm:react@19.2.3",
        "npm:vite@^7.1.7"
      ]
    }
  }
}
